
Microsoft Visual Studio Solution File, Format Version 12.00
Project("{FAE04EC0-301F-11D3-BF4B-00C04F79EFBC}") = "PopularLibraries.Tests", "code\PopularLibraries.Tests\PopularLibraries.Tests.csproj", "{521ABA26-BA88-4A38-A8CB-597EBC29AB74}"
EndProject
Project("{FAE04EC0-301F-11D3-BF4B-00C04F79EFBC}") = "PopularLibraries.BackgroundWorkers", "code\PopularLibraries.BackgroundWorkers\PopularLibraries.BackgroundWorkers.csproj", "{CB37D726-0A43-4628-87E3-F1EEDDFAC0A5}"
EndProject
Project("{FAE04EC0-301F-11D3-BF4B-00C04F79EFBC}") = "PopularLibraries.Mappers", "code\PopularLibraries.Mappers\PopularLibraries.Mappers.csproj", "{23A65885-41C0-4281-805D-866526775678}"
EndProject
Project("{FAE04EC0-301F-11D3-BF4B-00C04F79EFBC}") = "PopularLibraries.PollyExample", "PopularLibraries.PollyExample\PopularLibraries.PollyExample.csproj", "{EBAAFBE3-7409-494A-A1D8-F56984CBC278}"
EndProject
Project("{FAE04EC0-301F-11D3-BF4B-00C04F79EFBC}") = "PopularLibraries.FluentValidations", "code\PopularLibraries.FluentValidations\PopularLibraries.FluentValidations.csproj", "{BBC15759-20C1-440C-8877-03B9431EC48A}"
EndProject
Project("{FAE04EC0-301F-11D3-BF4B-00C04F79EFBC}") = "PopularLibraries.MediatRExample", "code\PopularLibraries.MediatRExample\PopularLibraries.MediatRExample.csproj", "{D228340D-582E-4994-8E56-39CD9B8323B7}"
EndProject
Global
	GlobalSection(SolutionConfigurationPlatforms) = preSolution
		Debug|Any CPU = Debug|Any CPU
		Release|Any CPU = Release|Any CPU
	EndGlobalSection
	GlobalSection(ProjectConfigurationPlatforms) = postSolution
		{521ABA26-BA88-4A38-A8CB-597EBC29AB74}.Debug|Any CPU.ActiveCfg = Debug|Any CPU
		{521ABA26-BA88-4A38-A8CB-597EBC29AB74}.Debug|Any CPU.Build.0 = Debug|Any CPU
		{521ABA26-BA88-4A38-A8CB-597EBC29AB74}.Release|Any CPU.ActiveCfg = Release|Any CPU
		{521ABA26-BA88-4A38-A8CB-597EBC29AB74}.Release|Any CPU.Build.0 = Release|Any CPU
		{CB37D726-0A43-4628-87E3-F1EEDDFAC0A5}.Debug|Any CPU.ActiveCfg = Debug|Any CPU
		{CB37D726-0A43-4628-87E3-F1EEDDFAC0A5}.Debug|Any CPU.Build.0 = Debug|Any CPU
		{CB37D726-0A43-4628-87E3-F1EEDDFAC0A5}.Release|Any CPU.ActiveCfg = Release|Any CPU
		{CB37D726-0A43-4628-87E3-F1EEDDFAC0A5}.Release|Any CPU.Build.0 = Release|Any CPU
		{23A65885-41C0-4281-805D-866526775678}.Debug|Any CPU.ActiveCfg = Debug|Any CPU
		{23A65885-41C0-4281-805D-866526775678}.Debug|Any CPU.Build.0 = Debug|Any CPU
		{23A65885-41C0-4281-805D-866526775678}.Release|Any CPU.ActiveCfg = Release|Any CPU
		{23A65885-41C0-4281-805D-866526775678}.Release|Any CPU.Build.0 = Release|Any CPU
		{EBAAFBE3-7409-494A-A1D8-F56984CBC278}.Debug|Any CPU.ActiveCfg = Debug|Any CPU
		{EBAAFBE3-7409-494A-A1D8-F56984CBC278}.Debug|Any CPU.Build.0 = Debug|Any CPU
		{EBAAFBE3-7409-494A-A1D8-F56984CBC278}.Release|Any CPU.ActiveCfg = Release|Any CPU
		{EBAAFBE3-7409-494A-A1D8-F56984CBC278}.Release|Any CPU.Build.0 = Release|Any CPU
		{BBC15759-20C1-440C-8877-03B9431EC48A}.Debug|Any CPU.ActiveCfg = Debug|Any CPU
		{BBC15759-20C1-440C-8877-03B9431EC48A}.Debug|Any CPU.Build.0 = Debug|Any CPU
		{BBC15759-20C1-440C-8877-03B9431EC48A}.Release|Any CPU.ActiveCfg = Release|Any CPU
		{BBC15759-20C1-440C-8877-03B9431EC48A}.Release|Any CPU.Build.0 = Release|Any CPU
		{D228340D-582E-4994-8E56-39CD9B8323B7}.Debug|Any CPU.ActiveCfg = Debug|Any CPU
		{D228340D-582E-4994-8E56-39CD9B8323B7}.Debug|Any CPU.Build.0 = Debug|Any CPU
		{D228340D-582E-4994-8E56-39CD9B8323B7}.Release|Any CPU.ActiveCfg = Release|Any CPU
		{D228340D-582E-4994-8E56-39CD9B8323B7}.Release|Any CPU.Build.0 = Release|Any CPU
	EndGlobalSection
	GlobalSection(NestedProjects) = preSolution
	EndGlobalSection
EndGlobal
